github.com/antlr/antlr4 v0.0.0-20190207013812-1c6c62afc7cb h1:1booXx+tBFKsERUPa/OP6whFI929I55awrC8RjWiSu8=
github.com/antlr/antlr4 v0.0.0-20190207013812-1c6c62afc7cb/go.mod h1:T7PbCXFs94rrTttyxjbyT5+/1V8T2TYDejxUfHJjw1Y=
github.com/davecgh/go-spew v1.1.0 h1:ZDRjVQ15GmhC3fiQ8ni8+OwkZQO4DARzQgrnXU1Liz8=
github.com/davecgh/go-spew v1.1.0/go.mod h1:J7Y8YcW2NihsgmVo/mv3lAwl/skON4iLHjSsI+c5H38=
github.com/davecgh/go-spew v1.1.1 h1:vj9j/u1bqnvCEfJOwUhtlOARqs3+rkHYY13jYWTU97c=
github.com/davecgh/go-spew v1.1.1/go.mod h1:J7Y8YcW2NihsgmVo/mv3lAwl/skON4iLHjSsI+c5H38=
github.com/inconshreveable/mousetrap v1.0.0 h1:Z8tu5sraLXCXIcARxBp/8cbvlwVa7Z1NHg9XEKhtSvM=
github.com/inconshreveable/mousetrap v1.0.0/go.mod h1:PxqpIevigyE2G7u3NXJIT2ANytuPF1OarO4DADm73n8=
github.com/inspirer/textmapper v0.0.0-20181224220124-bad2c4921a6b/go.mod h1:SpoIwXu07A3gguovN379QUCTHpUk1lhX2KIjVxpQOas=
github.com/inspirer/textmapper v0.0.0-20190101225825-ae0b38e27780 h1:pw08V8HYitrJVu78g/A0qeKP4n88/z/4xryA3i6NY58=
github.com/inspirer/textmapper v0.0.0-20190101225825-ae0b38e27780/go.mod h1:SpoIwXu07A3gguovN379QUCTHpUk1lhX2KIjVxpQOas=
github.com/konsorten/go-windows-terminal-sequences v1.0.1/go.mod h1:T0+1ngSBFLxvqU3pZ+m/2kptfBszLMUkC4ZK/EgS/cQ=
github.com/kr/pretty v0.1.0 h1:L/CwN0zerZDmRFUapSPitk6f+Q3+0za1rQkzVuMiMFI=
github.com/kr/pretty v0.1.0/go.mod h1:dAy3ld7l9f0ibDNOQOHHMYYIIbhfbHSm3C4ZsoJORNo=
github.com/kr/pty v1.1.1/go.mod h1:pFQYn66WHrOpPYNljwOMqo10TkYh1fy3cYio2l3bCsQ=
github.com/kr/text v0.1.0 h1:45sCR5RtlFHMR4UwH9sdQ5TC8v0qDQCHnXt+kaKSTVE=
github.com/kr/text v0.1.0/go.mod h1:4Jbv+DJW3UT/LiOwJeYQe1efqtUx/iVham/4vfdArNI=
github.com/llir/ll v0.0.0-20190101214934-d9b443a40870 h1:DSsVvRMBVpcLvpMrQtPEE7Ld/8601iqtVGv9a9neMCk=
github.com/llir/ll v0.0.0-20190101214934-d9b443a40870/go.mod h1:QSnTUqiZQX2N59KdP8TIEveBZldlGN7ypCN3fiie5WA=
github.com/llir/ll v0.0.0-20190401085702-9e8d1b0d1612/go.mod h1:8W5HJz80PitAyPZUpOcljQxTu6LD5YKW1URTo+OjVoc=
github.com/llir/llvm v0.3.0-pre7 h1:zTzXeXXNVllvHlPS9hIy56A0Nvu2qC4ouh0z8vHvw8g=
github.com/llir/llvm v0.3.0-pre7/go.mod h1:cjDv5v+hXwGbEFpgg/wrrKc3Taq7PLwJUF9RHr/GIDU=
github.com/llir/llvm v0.3.0-pre7.0.20190515014706-a687e6f5002a h1:yR3q2MKcFGw4p1uWzjfu11HfCT5/kk/tzoD8clL15sE=
github.com/llir/llvm v0.3.0-pre7.0.20190515014706-a687e6f5002a/go.mod h1:JIRszDbZjSq5byNENCDus33OVAMvQngajfk5DpMff0k=
github.com/mewkiz/pkg v0.0.0-20181231041609-5720a0c5985d h1:XZYaJp18ZgsSPTgsELqyfedkxkzLnb6luMFQVn6XXDY=
github.com/mewkiz/pkg v0.0.0-20181231041609-5720a0c5985d/go.mod h1:bhmdGJSMX5WCIBFmk27tBnUvBJm5WxXmarBV41qvbNI=
github.com/mewkiz/pkg v0.0.0-20190317153131-e8616647c365/go.mod h1:NefHmmDOyP6U1WiFFk+jFR3YdHoTeueo8nOZ6i1vZbA=
github.com/mewmew/float v0.0.0-20181121163145-c0f786d7da73 h1:bTqCgPsW3TFb9MFtvaOmGFWVhCmN3EmRw02zkchdOHo=
github.com/mewmew/float v0.0.0-20181121163145-c0f786d7da73/go.mod h1:obQBs6O+vjhgOZLkGdALxItKw4xrI49lSBEnAMO6lWI=
github.com/mewspring/tools v0.0.0-20181204020634-6c6637dc82b6 h1:J/FwQ6PvTeHbDkhGt+nDlIXXGRdXUCqVdL85tmHflAg=
github.com/mewspring/tools v0.0.0-20181204020634-6c6637dc82b6/go.mod h1:UAdVbSksr+7Bg+z4mga16OaBg3qAcgdaF3x3AeqJHEs=
github.com/mewspring/tools v0.0.0-20190326052302-906fcc68b3d8/go.mod h1:UAdVbSksr+7Bg+z4mga16OaBg3qAcgdaF3x3AeqJHEs=
github.com/pkg/errors v0.8.0 h1:WdK/asTD0HN+q6hsWO3/vpuAkAr+tw6aNJNDFFf0+qw=
github.com/pkg/errors v0.8.0/go.mod h1:bwawxfHBFNV+L2hUp1rHADufV3IMtnDRdf1r5NINEl0=
github.com/pkg/errors v0.8.1 h1:iURUrRGxPUNPdy5/HRSm+Yj6okJ6UtLINN0Q9M4+h3I=
github.com/pkg/errors v0.8.1/go.mod h1:bwawxfHBFNV+L2hUp1rHADufV3IMtnDRdf1r5NINEl0=
github.com/pmezard/go-difflib v1.0.0 h1:4DBwDE0NGyQoBHbLQYPwSUPoCMWR5BEzIk/f1lZbAQM=
github.com/pmezard/go-difflib v1.0.0/go.mod h1:iKH77koFhYxTK1pcRnkKkqfTogsbg7gZNVY4sRDYZ/4=
github.com/rickypai/natsort v0.0.0-20180124032556-f194e6bd5b0c h1:wq5MmT1Whub72MXlR2I5jWTQ3Q5wkNXnVBY21Q3Qzis=
github.com/rickypai/natsort v0.0.0-20180124032556-f194e6bd5b0c/go.mod h1:ECfieXu+EwvGnmpzRZvaAN0U/Jese1LX/BqX3HF1Kl0=
github.com/sergi/go-diff v1.0.0/go.mod h1:0CfEIISq7TuYL3j771MWULgwwjU+GofnZX9QAmXWZgo=
github.com/sirupsen/logrus v1.4.2 h1:SPIRibHv4MatM3XXNO2BJeFLZwZ2LvZgfQ5+UNI2im4=
github.com/sirupsen/logrus v1.4.2/go.mod h1:tLMulIdttU9McNUspp0xgXVQah82FyeX6MwdIuYE2rE=
github.com/spf13/cobra v0.0.3 h1:ZlrZ4XsMRm04Fr5pSFxBgfND2EBVa1nLpiy1stUsX/8=
github.com/spf13/cobra v0.0.3/go.mod h1:1l0Ry5zgKvJasoi3XT1TypsSe7PqH0Sj9dhYf7v3XqQ=
github.com/spf13/pflag v1.0.3 h1:zPAT6CGy6wXeQ7NtTnaTerfKOsV6V6F8agHXFiazDkg=
github.com/spf13/pflag v1.0.3/go.mod h1:DYY7MBk1bdzusC3SYhjObp+wFpr4gzcvqqNjLnInEg4=
github.com/stretchr/objx v0.1.0/go.mod h1:HFkY916IF+rwdDfMAkV7OtwuqBVzrE8GR6GFx+wExME=
github.com/stretchr/objx v0.1.1/go.mod h1:HFkY916IF+rwdDfMAkV7OtwuqBVzrE8GR6GFx+wExME=
github.com/stretchr/testify v1.2.2/go.mod h1:a8OnRcib4nhh0OaRAV+Yts87kKdq0PP7pXfy6kDkUVs=
github.com/stretchr/testify v1.3.0 h1:TivCn/peBQ7UY8ooIcPgZFpTNSz0Q2U6UrFlUfqbe0Q=
github.com/stretchr/testify v1.3.0/go.mod h1:M5WIy9Dh21IEIfnGCwXGc5bZfKNJtfHm1UVUgZn+9EI=
golang.org/x/crypto v0.0.0-20190308221718-c2843e01d9a2/go.mod h1:djNgcEr1/C05ACkg1iLfiJU5Ep61QUkGW8qpdssI0+w=
golang.org/x/image v0.0.0-20190220214146-31aff87c08e9/go.mod h1:kZ7UVZpmo3dzQBMxlp+ypCbDeSB+sBbTgSJuh5dn5js=
golang.org/x/net v0.0.0-20190213061140-3a22650c66bd/go.mod h1:mL1N/T3taQHkDXs73rZJwtUhF3w3ftmwwsq0BUmARs4=
golang.org/x/net v0.0.0-20190311183353-d8887717615a/go.mod h1:t9HGtf8HONx5eT2rtn7q6eTqICYqUVnKs3thJo3Qplg=
golang.org/x/sys v0.0.0-20190215142949-d0b11bdaac8a/go.mod h1:STP8DvDyc/dI5b8T5hshtkjS+E42TnysNCUPdjciGhY=
golang.org/x/sys v0.0.0-20190422165155-953cdadca894 h1:Cz4ceDQGXuKRnVBDTS23GTn/pU5OE2C0WrNTOYK1Uuc=
golang.org/x/sys v0.0.0-20190422165155-953cdadca894/go.mod h1:h1NjWce9XRLGQEsW7wpKNCjG9DtNlClVuFLEZdDNbEs=
golang.org/x/text v0.3.0/go.mod h1:NqM8EUOU14njkJ3fqMW+pc6Ldnwhi/IjpwHt7yyuwOQ=
golang.org/x/tools v0.0.0-20190102213336-ca9055ed7d04 h1:8UOlX24EQmpdZCColvpawRF3mZBG+UvrFKJJTKbQEWE=
golang.org/x/tools v0.0.0-20190102213336-ca9055ed7d04/go.mod h1:n7NCudcB/nEzxVGmLbDWY5pfWTLqBcC2KZ6jyYvM4mQ=
golang.org/x/tools v0.0.0-20190330180304-aef51cc3777c/go.mod h1:LCzVGOaR6xXOjkQ3onu1FJEFr0SW1gC7cKk1uF8kGRs=
